
Microsoft Visual Studio Solution File, Format Version 12.00
# Visual Studio 15
VisualStudioVersion = 15.0.27004.2010
MinimumVisualStudioVersion = 10.0.40219.1
Project("{FAE04EC0-301F-11D3-BF4B-00C04F79EFBC}") = "ex1", "ex1\ex1.csproj", "{F8E6E78D-8B5A-4E98-B47E-8D610E95C247}"
EndProject
Global
	GlobalSection(SolutionConfigurationPlatforms) = preSolution
		Debug|Any CPU = Debug|Any CPU
		Release|Any CPU = Release|Any CPU
	EndGlobalSection
	GlobalSection(ProjectConfigurationPlatforms) = postSolution
		{F8E6E78D-8B5A-4E98-B47E-8D610E95C247}.Debug|Any CPU.ActiveCfg = Debug|Any CPU
		{F8E6E78D-8B5A-4E98-B47E-8D610E95C247}.Debug|Any CPU.Build.0 = Debug|Any CPU
		{F8E6E78D-8B5A-4E98-B47E-8D610E95C247}.Release|Any CPU.ActiveCfg = Release|Any CPU
		{F8E6E78D-8B5A-4E98-B47E-8D610E95C247}.Release|Any CPU.Build.0 = Release|Any CPU
	EndGlobalSection
	GlobalSection(SolutionProperties) = preSolution
		HideSolutionNode = FALSE
	EndGlobalSection
	GlobalSection(ExtensibilityGlobals) = postSolution
		SolutionGuid = {DE057DDD-BE5A-430B-9C70-41C1C33B2C3D}
	EndGlobalSection
EndGlobal
